Microsoft Visual Studio Solution File, Format Version 12.00
# Visual Studio Version 17
VisualStudioVersion = 17.5.2.0
MinimumVisualStudioVersion = 10.0.40219.1
Project("{FAE04EC0-301F-11D3-BF4B-00C04F79EFBC}") = "APBD-merge-types", "APBD-merge-types\APBD-merge-types.csproj", "{DD210A07-EFFD-B43E-5D45-769062E83390}"
EndProject
Global
	GlobalSection(SolutionConfigurationPlatforms) = preSolution
		Debug|Any CPU = Debug|Any CPU
		Release|Any CPU = Release|Any CPU
	EndGlobalSection
	GlobalSection(ProjectConfigurationPlatforms) = postSolution
		{DD210A07-EFFD-B43E-5D45-769062E83390}.Debug|Any CPU.ActiveCfg = Debug|Any CPU
		{DD210A07-EFFD-B43E-5D45-769062E83390}.Debug|Any CPU.Build.0 = Debug|Any CPU
		{DD210A07-EFFD-B43E-5D45-769062E83390}.Release|Any CPU.ActiveCfg = Release|Any CPU
		{DD210A07-EFFD-B43E-5D45-769062E83390}.Release|Any CPU.Build.0 = Release|Any CPU
	EndGlobalSection
	GlobalSection(SolutionProperties) = preSolution
		HideSolutionNode = FALSE
	EndGlobalSection
	GlobalSection(ExtensibilityGlobals) = postSolution
		SolutionGuid = {179AC59F-FF18-493C-A8EC-A02D71C01D1A}
	EndGlobalSection
EndGlobal
